
Microsoft Visual Studio Solution File, Format Version 12.00
# Visual Studio Version 17
VisualStudioVersion = 17.11.35327.3
MinimumVisualStudioVersion = 10.0.40219.1
Project("{FAE04EC0-301F-11D3-BF4B-00C04F79EFBC}") = "ConsoleApp24", "ConsoleApp24.csproj", "{EDBEBA28-77D0-4375-BE21-501A0A107846}"
EndProject
Global
	GlobalSection(SolutionConfigurationPlatforms) = preSolution
		Debug|Any CPU = Debug|Any CPU
		Release|Any CPU = Release|Any CPU
	EndGlobalSection
	GlobalSection(ProjectConfigurationPlatforms) = postSolution
		{EDBEBA28-77D0-4375-BE21-501A0A107846}.Debug|Any CPU.ActiveCfg = Debug|Any CPU
		{EDBEBA28-77D0-4375-BE21-501A0A107846}.Debug|Any CPU.Build.0 = Debug|Any CPU
		{EDBEBA28-77D0-4375-BE21-501A0A107846}.Release|Any CPU.ActiveCfg = Release|Any CPU
		{EDBEBA28-77D0-4375-BE21-501A0A107846}.Release|Any CPU.Build.0 = Release|Any CPU
	EndGlobalSection
	GlobalSection(SolutionProperties) = preSolution
		HideSolutionNode = FALSE
	EndGlobalSection
	GlobalSection(ExtensibilityGlobals) = postSolution
		SolutionGuid = {6CB29666-9E14-481C-BB1B-537622FA6ACA}
	EndGlobalSection
EndGlobal
